Microsoft Visual Studio Solution File, Format Version 12.00
# Visual Studio Version 17
VisualStudioVersion = 17.5.2.0
MinimumVisualStudioVersion = 10.0.40219.1
Project("{FAE04EC0-301F-11D3-BF4B-00C04F79EFBC}") = "CodingTracker", "CodingTracker.csproj", "{8D2B24DF-851B-27BC-FF1A-3FD17D384146}"
EndProject
Global
	GlobalSection(SolutionConfigurationPlatforms) = preSolution
		Debug|Any CPU = Debug|Any CPU
		Release|Any CPU = Release|Any CPU
	EndGlobalSection
	GlobalSection(ProjectConfigurationPlatforms) = postSolution
		{8D2B24DF-851B-27BC-FF1A-3FD17D384146}.Debug|Any CPU.ActiveCfg = Debug|Any CPU
		{8D2B24DF-851B-27BC-FF1A-3FD17D384146}.Debug|Any CPU.Build.0 = Debug|Any CPU
		{8D2B24DF-851B-27BC-FF1A-3FD17D384146}.Release|Any CPU.ActiveCfg = Release|Any CPU
		{8D2B24DF-851B-27BC-FF1A-3FD17D384146}.Release|Any CPU.Build.0 = Release|Any CPU
	EndGlobalSection
	GlobalSection(SolutionProperties) = preSolution
		HideSolutionNode = FALSE
	EndGlobalSection
	GlobalSection(ExtensibilityGlobals) = postSolution
		SolutionGuid = {619856FE-893F-48C3-9E39-529CB6F5D055}
	EndGlobalSection
EndGlobal
